
Microsoft Visual Studio Solution File, Format Version 12.00
# Visual Studio Version 17
VisualStudioVersion = 17.7.34024.191
MinimumVisualStudioVersion = 10.0.40219.1
Project("{9A19103F-16F7-4668-BE54-9A1E7A4F7556}") = "Core_Proje", "Core_Proje\Core_Proje.csproj", "{EA60058E-F3BA-4A5F-8195-4DDD71B9EB42}"
EndProject
Project("{9A19103F-16F7-4668-BE54-9A1E7A4F7556}") = "BusinessLayer", "BusinessLayer\BusinessLayer.csproj", "{7D2E2766-7E68-42C7-97D6-ECB53A5CAEFB}"
EndProject
Project("{9A19103F-16F7-4668-BE54-9A1E7A4F7556}") = "DataAccessLayer", "DataAccessLayer\DataAccessLayer.csproj", "{85F59C19-D574-413B-99F6-C1DBD0A42DB3}"
EndProject
Project("{9A19103F-16F7-4668-BE54-9A1E7A4F7556}") = "EntityLayer", "EntityLayer\EntityLayer.csproj", "{955FBE3C-DCBF-4AA1-8BDB-9B0A3D2BF44F}"
EndProject
Global
	GlobalSection(SolutionConfigurationPlatforms) = preSolution
		Debug|Any CPU = Debug|Any CPU
		Release|Any CPU = Release|Any CPU
	EndGlobalSection
	GlobalSection(ProjectConfigurationPlatforms) = postSolution
		{EA60058E-F3BA-4A5F-8195-4DDD71B9EB42}.Debug|Any CPU.ActiveCfg = Debug|Any CPU
		{EA60058E-F3BA-4A5F-8195-4DDD71B9EB42}.Debug|Any CPU.Build.0 = Debug|Any CPU
		{EA60058E-F3BA-4A5F-8195-4DDD71B9EB42}.Release|Any CPU.ActiveCfg = Release|Any CPU
		{EA60058E-F3BA-4A5F-8195-4DDD71B9EB42}.Release|Any CPU.Build.0 = Release|Any CPU
		{7D2E2766-7E68-42C7-97D6-ECB53A5CAEFB}.Debug|Any CPU.ActiveCfg = Debug|Any CPU
		{7D2E2766-7E68-42C7-97D6-ECB53A5CAEFB}.Debug|Any CPU.Build.0 = Debug|Any CPU
		{7D2E2766-7E68-42C7-97D6-ECB53A5CAEFB}.Release|Any CPU.ActiveCfg = Release|Any CPU
		{7D2E2766-7E68-42C7-97D6-ECB53A5CAEFB}.Release|Any CPU.Build.0 = Release|Any CPU
		{85F59C19-D574-413B-99F6-C1DBD0A42DB3}.Debug|Any CPU.ActiveCfg = Debug|Any CPU
		{85F59C19-D574-413B-99F6-C1DBD0A42DB3}.Debug|Any CPU.Build.0 = Debug|Any CPU
		{85F59C19-D574-413B-99F6-C1DBD0A42DB3}.Release|Any CPU.ActiveCfg = Release|Any CPU
		{85F59C19-D574-413B-99F6-C1DBD0A42DB3}.Release|Any CPU.Build.0 = Release|Any CPU
		{955FBE3C-DCBF-4AA1-8BDB-9B0A3D2BF44F}.Debug|Any CPU.ActiveCfg = Debug|Any CPU
		{955FBE3C-DCBF-4AA1-8BDB-9B0A3D2BF44F}.Debug|Any CPU.Build.0 = Debug|Any CPU
		{955FBE3C-DCBF-4AA1-8BDB-9B0A3D2BF44F}.Release|Any CPU.ActiveCfg = Release|Any CPU
		{955FBE3C-DCBF-4AA1-8BDB-9B0A3D2BF44F}.Release|Any CPU.Build.0 = Release|Any CPU
	EndGlobalSection
	GlobalSection(SolutionProperties) = preSolution
		HideSolutionNode = FALSE
	EndGlobalSection
	GlobalSection(ExtensibilityGlobals) = postSolution
		SolutionGuid = {3DFCD246-B4C9-4752-8756-B32BBD6FC8CF}
	EndGlobalSection
EndGlobal
